// !$*UTF8*$!
{
	archiveVersion = 1;
	classes = {
	};
	objectVersion = 55;
	objects = {

/* Begin PBXBuildFile section */
		6D082DA02AF1965400239330 /* forgotViewController.swift in Sources */ = {isa = PBXBuildFile; fileRef = 6D082D9F2AF1965400239330 /* forgotViewController.swift */; };
		6D082DA22AF2236200239330 /* CustomTableViewCell.swift in Sources */ = {isa = PBXBuildFile; fileRef = 6D082DA12AF2236200239330 /* CustomTableViewCell.swift */; };
		6D98B8812AF0E72E000CA4A8 /* AppDelegate.swift in Sources */ = {isa = PBXBuildFile; fileRef = 6D98B8802AF0E72E000CA4A8 /* AppDelegate.swift */; };
		6D98B8832AF0E72E000CA4A8 /* SceneDelegate.swift in Sources */ = {isa = PBXBuildFile; fileRef = 6D98B8822AF0E72E000CA4A8 /* SceneDelegate.swift */; };
		6D98B8852AF0E72E000CA4A8 /* ViewController.swift in Sources */ = {isa = PBXBuildFile; fileRef = 6D98B8842AF0E72E000CA4A8 /* ViewController.swift */; };
		6D98B8882AF0E72E000CA4A8 /* Main.storyboard in Resources */ = {isa = PBXBuildFile; fileRef = 6D98B8862AF0E72E000CA4A8 /* Main.storyboard */; };
		6D98B88A2AF0E738000CA4A8 /* Assets.xcassets in Resources */ = {isa = PBXBuildFile; fileRef = 6D98B8892AF0E738000CA4A8 /* Assets.xcassets */; };
		6D98B88D2AF0E738000CA4A8 /* LaunchScreen.storyboard in Resources */ = {isa = PBXBuildFile; fileRef = 6D98B88B2AF0E738000CA4A8 /* LaunchScreen.storyboard */; };
		6D98B8952AF0E871000CA4A8 /* page2 home.swift in Sources */ = {isa = PBXBuildFile; fileRef = 6D98B8942AF0E871000CA4A8 /* page2 home.swift */; };
		6D98B8972AF0EDC9000CA4A8 /* act1.swift in Sources */ = {isa = PBXBuildFile; fileRef = 6D98B8962AF0EDC9000CA4A8 /* act1.swift */; };
		6D98B8992AF0F3E0000CA4A8 /* act2.swift in Sources */ = {isa = PBXBuildFile; fileRef = 6D98B8982AF0F3E0000CA4A8 /* act2.swift */; };
		6D98B89D2AF0F5C8000CA4A8 /* ChatGPT_logo.png in Resources */ = {isa = PBXBuildFile; fileRef = 6D98B89C2AF0F5C8000CA4A8 /* ChatGPT_logo.png */; };
		6D98B89F2AF10B53000CA4A8 /* act3.swift in Sources */ = {isa = PBXBuildFile; fileRef = 6D98B89E2AF10B53000CA4A8 /* act3.swift */; };
		6DC14C722AFC01610016A0D6 /* voiceViewController.swift in Sources */ = {isa = PBXBuildFile; fileRef = 6DC14C712AFC01610016A0D6 /* voiceViewController.swift */; };
/* End PBXBuildFile section */

/* Begin PBXFileReference section */
		6D082D9F2AF1965400239330 /* forgotViewController.swift */ = {isa = PBXFileReference; lastKnownFileType = sourcecode.swift; path = forgotViewController.swift; sourceTree = "<group>"; };
		6D082DA12AF2236200239330 /* CustomTableViewCell.swift */ = {isa = PBXFileReference; lastKnownFileType = sourcecode.swift; path = CustomTableViewCell.swift; sourceTree = "<group>"; };
		6D98B87D2AF0E72E000CA4A8 /* ath2.app */ = {isa = PBXFileReference; explicitFileType = wrapper.application; includeInIndex = 0; path = ath2.app; sourceTree = BUILT_PRODUCTS_DIR; };
		6D98B8802AF0E72E000CA4A8 /* AppDelegate.swift */ = {isa = PBXFileReference; lastKnownFileType = sourcecode.swift; path = AppDelegate.swift; sourceTree = "<group>"; };
		6D98B8822AF0E72E000CA4A8 /* SceneDelegate.swift */ = {isa = PBXFileReference; lastKnownFileType = sourcecode.swift; path = SceneDelegate.swift; sourceTree = "<group>"; };
		6D98B8842AF0E72E000CA4A8 /* ViewController.swift */ = {isa = PBXFileReference; lastKnownFileType = sourcecode.swift; path = ViewController.swift; sourceTree = "<group>"; };
		6D98B8872AF0E72E000CA4A8 /* Base */ = {isa = PBXFileReference; lastKnownFileType = file.storyboard; name = Base; path = Base.lproj/Main.storyboard; sourceTree = "<group>"; };
		6D98B8892AF0E738000CA4A8 /* Assets.xcassets */ = {isa = PBXFileReference; lastKnownFileType = folder.assetcatalog; path = Assets.xcassets; sourceTree = "<group>"; };
		6D98B88C2AF0E738000CA4A8 /* Base */ = {isa = PBXFileReference; lastKnownFileType = file.storyboard; name = Base; path = Base.lproj/LaunchScreen.storyboard; sourceTree = "<group>"; };
		6D98B88E2AF0E738000CA4A8 /* Info.plist */ = {isa = PBXFileReference; lastKnownFileType = text.plist.xml; path = Info.plist; sourceTree = "<group>"; };
		6D98B8942AF0E871000CA4A8 /* page2 home.swift */ = {isa = PBXFileReference; lastKnownFileType = sourcecode.swift; path = "page2 home.swift"; sourceTree = "<group>"; };
		6D98B8962AF0EDC9000CA4A8 /* act1.swift */ = {isa = PBXFileReference; lastKnownFileType = sourcecode.swift; path = act1.swift; sourceTree = "<group>"; };
		6D98B8982AF0F3E0000CA4A8 /* act2.swift */ = {isa = PBXFileReference; lastKnownFileType = sourcecode.swift; path = act2.swift; sourceTree = "<group>"; };
		6D98B89C2AF0F5C8000CA4A8 /* ChatGPT_logo.png */ = {isa = PBXFileReference; lastKnownFileType = image.png; name = ChatGPT_logo.png; path = ../../../ChatGPT_logo.png; sourceTree = "<group>"; };
		6D98B89E2AF10B53000CA4A8 /* act3.swift */ = {isa = PBXFileReference; lastKnownFileType = sourcecode.swift; path = act3.swift; sourceTree = "<group>"; };
		6DC14C712AFC01610016A0D6 /* voiceViewController.swift */ = {isa = PBXFileReference; lastKnownFileType = sourcecode.swift; path = voiceViewController.swift; sourceTree = "<group>"; };
/* End PBXFileReference section */

/* Begin PBXFrameworksBuildPhase section */
		6D98B87A2AF0E72E000CA4A8 /* Frameworks */ = {
			isa = PBXFrameworksBuildPhase;
			buildActionMask = 2147483647;
			files = (
			);
			runOnlyForDeploymentPostprocessing = 0;
		};
/* End PBXFrameworksBuildPhase section */

/* Begin PBXGroup section */
		6D98B8742AF0E72E000CA4A8 = {
			isa = PBXGroup;
			children = (
				6D98B87F2AF0E72E000CA4A8 /* ath2 */,
				6D98B87E2AF0E72E000CA4A8 /* Products */,
			);
			sourceTree = "<group>";
		};
		6D98B87E2AF0E72E000CA4A8 /* Products */ = {
			isa = PBXGroup;
			children = (
				6D98B87D2AF0E72E000CA4A8 /* ath2.app */,
			);
			name = Products;
			sourceTree = "<group>";
		};
		6D98B87F2AF0E72E000CA4A8 /* ath2 */ = {
			isa = PBXGroup;
			children = (
				6D98B8802AF0E72E000CA4A8 /* AppDelegate.swift */,
				6D98B8822AF0E72E000CA4A8 /* SceneDelegate.swift */,
				6D98B8842AF0E72E000CA4A8 /* ViewController.swift */,
				6D98B8862AF0E72E000CA4A8 /* Main.storyboard */,
				6DC14C712AFC01610016A0D6 /* voiceViewController.swift */,
				6D082DA12AF2236200239330 /* CustomTableViewCell.swift */,
				6D082D9F2AF1965400239330 /* forgotViewController.swift */,
				6D98B89E2AF10B53000CA4A8 /* act3.swift */,
				6D98B8982AF0F3E0000CA4A8 /* act2.swift */,
				6D98B8962AF0EDC9000CA4A8 /* act1.swift */,
				6D98B8942AF0E871000CA4A8 /* page2 home.swift */,
				6D98B8892AF0E738000CA4A8 /* Assets.xcassets */,
				6D98B89C2AF0F5C8000CA4A8 /* ChatGPT_logo.png */,
				6D98B88B2AF0E738000CA4A8 /* LaunchScreen.storyboard */,
				6D98B88E2AF0E738000CA4A8 /* Info.plist */,
			);
			path = ath2;
			sourceTree = "<group>";
		};
/* End PBXGroup section */

/* Begin PBXNativeTarget section */
		6D98B87C2AF0E72E000CA4A8 /* ath2 */ = {
			isa = PBXNativeTarget;
			buildConfigurationList = 6D98B8912AF0E738000CA4A8 /* Build configuration list for PBXNativeTarget "ath2" */;
			buildPhases = (
				6D98B8792AF0E72E000CA4A8 /* Sources */,
				6D98B87A2AF0E72E000CA4A8 /* Frameworks */,
				6D98B87B2AF0E72E000CA4A8 /* Resources */,
			);
			buildRules = (
			);
			dependencies = (
			);
			name = ath2;
			productName = ath2;
			productReference = 6D98B87D2AF0E72E000CA4A8 /* ath2.app */;
			productType = "com.apple.product-type.application";
		};
/* End PBXNativeTarget section */

/* Begin PBXProject section */
		6D98B8752AF0E72E000CA4A8 /* Project object */ = {
			isa = PBXProject;
			attributes = {
				BuildIndependentTargetsInParallel = 1;
				LastSwiftUpdateCheck = 1330;
				LastUpgradeCheck = 1330;
				TargetAttributes = {
					6D98B87C2AF0E72E000CA4A8 = {
						CreatedOnToolsVersion = 13.3;
					};
				};
			};
			buildConfigurationList = 6D98B8782AF0E72E000CA4A8 /* Build configuration list for PBXProject "ath2" */;
			compatibilityVersion = "Xcode 13.0";
			developmentRegion = en;
			hasScannedForEncodings = 0;
			knownRegions = (
				en,
				Base,
			);
			mainGroup = 6D98B8742AF0E72E000CA4A8;
			productRefGroup = 6D98B87E2AF0E72E000CA4A8 /* Products */;
			projectDirPath = "";
			projectRoot = "";
			targets = (
				6D98B87C2AF0E72E000CA4A8 /* ath2 */,
			);
		};
/* End PBXProject section */

/* Begin PBXResourcesBuildPhase section */
		6D98B87B2AF0E72E000CA4A8 /* Resources */ = {
			isa = PBXResourcesBuildPhase;
			buildActionMask = 2147483647;
			files = (
				6D98B88D2AF0E738000CA4A8 /* LaunchScreen.storyboard in Resources */,
				6D98B88A2AF0E738000CA4A8 /* Assets.xcassets in Resources */,
				6D98B89D2AF0F5C8000CA4A8 /* ChatGPT_logo.png in Resources */,
				6D98B8882AF0E72E000CA4A8 /* Main.storyboard in Resources */,
			);
			runOnlyForDeploymentPostprocessing = 0;
		};
/* End PBXResourcesBuildPhase section */

/* Begin PBXSourcesBuildPhase section */
		6D98B8792AF0E72E000CA4A8 /* Sources */ = {
			isa = PBXSourcesBuildPhase;
			buildActionMask = 2147483647;
			files = (
				6D082DA22AF2236200239330 /* CustomTableViewCell.swift in Sources */,
				6DC14C722AFC01610016A0D6 /* voiceViewController.swift in Sources */,
				6D98B8852AF0E72E000CA4A8 /* ViewController.swift in Sources */,
				6D98B8972AF0EDC9000CA4A8 /* act1.swift in Sources */,
				6D98B8812AF0E72E000CA4A8 /* AppDelegate.swift in Sources */,
				6D98B8832AF0E72E000CA4A8 /* SceneDelegate.swift in Sources */,
				6D98B8952AF0E871000CA4A8 /* page2 home.swift in Sources */,
				6D082DA02AF1965400239330 /* forgotViewController.swift in Sources */,
				6D98B8992AF0F3E0000CA4A8 /* act2.swift in Sources */,
				6D98B89F2AF10B53000CA4A8 /* act3.swift in Sources */,
			);
			runOnlyForDeploymentPostprocessing = 0;
		};
/* End PBXSourcesBuildPhase section */

/* Begin PBXVariantGroup section */
		6D98B8862AF0E72E000CA4A8 /* Main.storyboard */ = {
			isa = PBXVariantGroup;
			children = (
				6D98B8872AF0E72E000CA4A8 /* Base */,
			);
			name = Main.storyboard;
			sourceTree = "<group>";
		};
		6D98B88B2AF0E738000CA4A8 /* LaunchScreen.storyboard */ = {
			isa = PBXVariantGroup;
			children = (
				6D98B88C2AF0E738000CA4A8 /* Base */,
			);
			name = LaunchScreen.storyboard;
			sourceTree = "<group>";
		};
/* End PBXVariantGroup section */

/* Begin XCBuildConfiguration section */
		6D98B88F2AF0E738000CA4A8 /* Debug */ = {
			isa = XCBuildConfiguration;
			buildSettings = {
				ALWAYS_SEARCH_USER_PATHS = NO;
				CLANG_ANALYZER_NONNULL = YES;
				CLANG_ANALYZER_NUMBER_OBJECT_CONVERSION = YES_AGGRESSIVE;
				CLANG_CXX_LANGUAGE_STANDARD = "gnu++17";
				CLANG_ENABLE_MODULES = YES;
				CLANG_ENABLE_OBJC_ARC = YES;
				CLANG_ENABLE_OBJC_WEAK = YES;
				CLANG_WARN_BLOCK_CAPTURE_AUTORELEASING = YES;
				CLANG_WARN_BOOL_CONVERSION = YES;
				CLANG_WARN_COMMA = YES;
				CLANG_WARN_CONSTANT_CONVERSION = YES;
				CLANG_WARN_DEPRECATED_OBJC_IMPLEMENTATIONS = YES;
				CLANG_WARN_DIRECT_OBJC_ISA_USAGE = YES_ERROR;
				CLANG_WARN_DOCUMENTATION_COMMENTS = YES;
				CLANG_WARN_EMPTY_BODY = YES;
				CLANG_WARN_ENUM_CONVERSION = YES;
				CLANG_WARN_INFINITE_RECURSION = YES;
				CLANG_WARN_INT_CONVERSION = YES;
				CLANG_WARN_NON_LITERAL_NULL_CONVERSION = YES;
				CLANG_WARN_OBJC_IMPLICIT_RETAIN_SELF = YES;
				CLANG_WARN_OBJC_LITERAL_CONVERSION = YES;
				CLANG_WARN_OBJC_ROOT_CLASS = YES_ERROR;
				CLANG_WARN_QUOTED_INCLUDE_IN_FRAMEWORK_HEADER = YES;
				CLANG_WARN_RANGE_LOOP_ANALYSIS = YES;
				CLANG_WARN_STRICT_PROTOTYPES = YES;
				CLANG_WARN_SUSPICIOUS_MOVE = YES;
				CLANG_WARN_UNGUARDED_AVAILABILITY = YES_AGGRESSIVE;
				CLANG_WARN_UNREACHABLE_CODE = YES;
				CLANG_WARN__DUPLICATE_METHOD_MATCH = YES;
				COPY_PHASE_STRIP = NO;
				DEBUG_INFORMATION_FORMAT = dwarf;
				ENABLE_STRICT_OBJC_MSGSEND = YES;
				ENABLE_TESTABILITY = YES;
				GCC_C_LANGUAGE_STANDARD = gnu11;
				GCC_DYNAMIC_NO_PIC = NO;
				GCC_NO_COMMON_BLOCKS = YES;
				GCC_OPTIMIZATION_LEVEL = 0;
				GCC_PREPROCESSOR_DEFINITIONS = (
					"DEBUG=1",
					"$(inherited)",
				);
				GCC_WARN_64_TO_32_BIT_CONVERSION = YES;
				GCC_WARN_ABOUT_RETURN_TYPE = YES_ERROR;
				GCC_WARN_UNDECLARED_SELECTOR = YES;
				GCC_WARN_UNINITIALIZED_AUTOS = YES_AGGRESSIVE;
				GCC_WARN_UNUSED_FUNCTION = YES;
				GCC_WARN_UNUSED_VARIABLE = YES;
				IPHONEOS_DEPLOYMENT_TARGET = 15.4;
				MTL_ENABLE_DEBUG_INFO = INCLUDE_SOURCE;
				MTL_FAST_MATH = YES;
				ONLY_ACTIVE_ARCH = YES;
				SDKROOT = iphoneos;
				SWIFT_ACTIVE_COMPILATION_CONDITIONS = DEBUG;
				SWIFT_OPTIMIZATION_LEVEL = "-Onone";
			};
			name = Debug;
		};
		6D98B8902AF0E738000CA4A8 /* Release */ = {
			isa = XCBuildConfiguration;
			buildSettings = {
				ALWAYS_SEARCH_USER_PATHS = NO;
				CLANG_ANALYZER_NONNULL = YES;
				CLANG_ANALYZER_NUMBER_OBJECT_CONVERSION = YES_AGGRESSIVE;
				CLANG_CXX_LANGUAGE_STANDARD = "gnu++17";
				CLANG_ENABLE_MODULES = YES;
				CLANG_ENABLE_OBJC_ARC = YES;
				CLANG_ENABLE_OBJC_WEAK = YES;
				CLANG_WARN_BLOCK_CAPTURE_AUTORELEASING = YES;
				CLANG_WARN_BOOL_CONVERSION = YES;
				CLANG_WARN_COMMA = YES;
				CLANG_WARN_CONSTANT_CONVERSION = YES;
				CLANG_WARN_DEPRECATED_OBJC_IMPLEMENTATIONS = YES;
				CLANG_WARN_DIRECT_OBJC_ISA_USAGE = YES_ERROR;
				CLANG_WARN_DOCUMENTATION_COMMENTS = YES;
				CLANG_WARN_EMPTY_BODY = YES;
				CLANG_WARN_ENUM_CONVERSION = YES;
				CLANG_WARN_INFINITE_RECURSION = YES;
				CLANG_WARN_INT_CONVERSION = YES;
				CLANG_WARN_NON_LITERAL_NULL_CONVERSION = YES;
				CLANG_WARN_OBJC_IMPLICIT_RETAIN_SELF = YES;
				CLANG_WARN_OBJC_LITERAL_CONVERSION = YES;
				CLANG_WARN_OBJC_ROOT_CLASS = YES_ERROR;
				CLANG_WARN_QUOTED_INCLUDE_IN_FRAMEWORK_HEADER = YES;
				CLANG_WARN_RANGE_LOOP_ANALYSIS = YES;
				CLANG_WARN_STRICT_PROTOTYPES = YES;
				CLANG_WARN_SUSPICIOUS_MOVE = YES;
				CLANG_WARN_UNGUARDED_AVAILABILITY = YES_AGGRESSIVE;
				CLANG_WARN_UNREACHABLE_CODE = YES;
				CLANG_WARN__DUPLICATE_METHOD_MATCH = YES;
				COPY_PHASE_STRIP = NO;
				DEBUG_INFORMATION_FORMAT = "dwarf-with-dsym";
				ENABLE_NS_ASSERTIONS = NO;
				ENABLE_STRICT_OBJC_MSGSEND = YES;
				GCC_C_LANGUAGE_STANDARD = gnu11;
				GCC_NO_COMMON_BLOCKS = YES;
				GCC_WARN_64_TO_32_BIT_CONVERSION = YES;
				GCC_WARN_ABOUT_RETURN_TYPE = YES_ERROR;
				GCC_WARN_UNDECLARED_SELECTOR = YES;
				GCC_WARN_UNINITIALIZED_AUTOS = YES_AGGRESSIVE;
				GCC_WARN_UNUSED_FUNCTION = YES;
				GCC_WARN_UNUSED_VARIABLE = YES;
				IPHONEOS_DEPLOYMENT_TARGET = 15.4;
				MTL_ENABLE_DEBUG_INFO = NO;
				MTL_FAST_MATH = YES;
				SDKROOT = iphoneos;
				SWIFT_COMPILATION_MODE = wholemodule;
				SWIFT_OPTIMIZATION_LEVEL = "-O";
				VALIDATE_PRODUCT = YES;
			};
			name = Release;
		};
		6D98B8922AF0E738000CA4A8 /* Debug */ = {
			isa = XCBuildConfiguration;
			buildSettings = {
				ASSETCATALOG_COMPILER_APPICON_NAME = AppIcon;
				ASSETCATALOG_COMPILER_GLOBAL_ACCENT_COLOR_NAME = AccentColor;
				CODE_SIGN_STYLE = Automatic;
				CURRENT_PROJECT_VERSION = 1;
				GENERATE_INFOPLIST_FILE = YES;
				INFOPLIST_FILE = ath2/Info.plist;
				INFOPLIST_KEY_UIApplicationSupportsIndirectInputEvents = YES;
				INFOPLIST_KEY_UILaunchStoryboardName = LaunchScreen;
				INFOPLIST_KEY_UIMainStoryboardFile = Main;
				INFOPLIST_KEY_UISupportedInterfaceOrientations_iPad = "UIInterfaceOrientationPortrait UIInterfaceOrientationPortraitUpsideDown UIInterfaceOrientationLandscapeLeft UIInterfaceOrientationLandscapeRight";
				INFOPLIST_KEY_UISupportedInterfaceOrientations_iPhone = "UIInterfaceOrientationPortrait UIInterfaceOrientationLandscapeLeft UIInterfaceOrientationLandscapeRight";
				LD_RUNPATH_SEARCH_PATHS = (
					"$(inherited)",
					"@executable_path/Frameworks",
				);
				MARKETING_VERSION = 1.0;
				PRODUCT_BUNDLE_IDENTIFIER = vikrant.ath2;
				PRODUCT_NAME = "$(TARGET_NAME)";
				SWIFT_EMIT_LOC_STRINGS = YES;
				SWIFT_VERSION = 5.0;
				TARGETED_DEVICE_FAMILY = "1,2";
			};
			name = Debug;
		};
		6D98B8932AF0E738000CA4A8 /* Release */ = {
			isa = XCBuildConfiguration;
			buildSettings = {
				ASSETCATALOG_COMPILER_APPICON_NAME = AppIcon;
				ASSETCATALOG_COMPILER_GLOBAL_ACCENT_COLOR_NAME = AccentColor;
				CODE_SIGN_STYLE = Automatic;
				CURRENT_PROJECT_VERSION = 1;
				GENERATE_INFOPLIST_FILE = YES;
				INFOPLIST_FILE = ath2/Info.plist;
				INFOPLIST_KEY_UIApplicationSupportsIndirectInputEvents = YES;
				INFOPLIST_KEY_UILaunchStoryboardName = LaunchScreen;
				INFOPLIST_KEY_UIMainStoryboardFile = Main;
				INFOPLIST_KEY_UISupportedInterfaceOrientations_iPad = "UIInterfaceOrientationPortrait UIInterfaceOrientationPortraitUpsideDown UIInterfaceOrientationLandscapeLeft UIInterfaceOrientationLandscapeRight";
				INFOPLIST_KEY_UISupportedInterfaceOrientations_iPhone = "UIInterfaceOrientationPortrait UIInterfaceOrientationLandscapeLeft UIInterfaceOrientationLandscapeRight";
				LD_RUNPATH_SEARCH_PATHS = (
					"$(inherited)",
					"@executable_path/Frameworks",
				);
				MARKETING_VERSION = 1.0;
				PRODUCT_BUNDLE_IDENTIFIER = vikrant.ath2;
				PRODUCT_NAME = "$(TARGET_NAME)";
				SWIFT_EMIT_LOC_STRINGS = YES;
				SWIFT_VERSION = 5.0;
				TARGETED_DEVICE_FAMILY = "1,2";
			};
			name = Release;
		};
/* End XCBuildConfiguration section */

/* Begin XCConfigurationList section */
		6D98B8782AF0E72E000CA4A8 /* Build configuration list for PBXProject "ath2" */ = {
			isa = XCConfigurationList;
			buildConfigurations = (
				6D98B88F2AF0E738000CA4A8 /* Debug */,
				6D98B8902AF0E738000CA4A8 /* Release */,
			);
			defaultConfigurationIsVisible = 0;
			defaultConfigurationName = Release;
		};
		6D98B8912AF0E738000CA4A8 /* Build configuration list for PBXNativeTarget "ath2" */ = {
			isa = XCConfigurationList;
			buildConfigurations = (
				6D98B8922AF0E738000CA4A8 /* Debug */,
				6D98B8932AF0E738000CA4A8 /* Release */,
			);
			defaultConfigurationIsVisible = 0;
			defaultConfigurationName = Release;
		};
/* End XCConfigurationList section */
	};
	rootObject = 6D98B8752AF0E72E000CA4A8 /* Project object */;
}
